
Microsoft Visual Studio Solution File, Format Version 12.00
# Visual Studio Version 17
VisualStudioVersion = 17.1.32414.318
MinimumVisualStudioVersion = 10.0.40219.1
Project("{FAE04EC0-301F-11D3-BF4B-00C04F79EFBC}") = "MusCalendar02", "MusCalendar02\MusCalendar02.csproj", "{C3F5ADAD-A5BD-41F5-9B7E-08C85FCEB219}"
EndProject
Global
	GlobalSection(SolutionConfigurationPlatforms) = preSolution
		Debug|Any CPU = Debug|Any CPU
		Release|Any CPU = Release|Any CPU
	EndGlobalSection
	GlobalSection(ProjectConfigurationPlatforms) = postSolution
		{C3F5ADAD-A5BD-41F5-9B7E-08C85FCEB219}.Debug|Any CPU.ActiveCfg = Debug|Any CPU
		{C3F5ADAD-A5BD-41F5-9B7E-08C85FCEB219}.Debug|Any CPU.Build.0 = Debug|Any CPU
		{C3F5ADAD-A5BD-41F5-9B7E-08C85FCEB219}.Release|Any CPU.ActiveCfg = Release|Any CPU
		{C3F5ADAD-A5BD-41F5-9B7E-08C85FCEB219}.Release|Any CPU.Build.0 = Release|Any CPU
	EndGlobalSection
	GlobalSection(SolutionProperties) = preSolution
		HideSolutionNode = FALSE
	EndGlobalSection
	GlobalSection(ExtensibilityGlobals) = postSolution
		SolutionGuid = {244AAA98-3D88-4972-B19B-50E39D01426F}
	EndGlobalSection
EndGlobal
